<?xml version="1.0" encoding="UTF-8" standalone="yes" ?>
<CodeBlocks_project_file>
	<FileVersion major="1" minor="6" />
	<Project>
		<Option title="WAV" />
		<Option pch_mode="2" />
		<Option compiler="gcc" />
		<Build>
			<Target title="Debug">
				<Option output="bin/Debug/WAV" prefix_auto="1" extension_auto="1" />
				<Option object_output="obj/Debug/" />
				<Option type="1" />
				<Option compiler="gcc" />
				<Compiler>
					<Add option="-g" />
				</Compiler>
			</Target>
			<Target title="Release">
				<Option output="bin/Release/WAV" prefix_auto="1" extension_auto="1" />
				<Option object_output="obj/Release/" />
				<Option type="1" />
				<Option compiler="gcc" />
				<Compiler>
					<Add option="-O2" />
				</Compiler>
				<Linker>
					<Add option="-s" />
				</Linker>
			</Target>
		</Build>
		<Compiler>
			<Add option="-Wall" />
		</Compiler>
		<Linker>
			<Add library="../../Users/Lex/Desktop/Программирование/Аудио/WAV/lib/AL/OpenAL32.lib" />
		</Linker>
		<Unit filename="../src/Sound.c">
			<Option compilerVar="CC" />
		</Unit>
		<Unit filename="../src/Sound.h" />
		<Unit filename="../src/WAV.c">
			<Option compilerVar="CC" />
		</Unit>
		<Unit filename="../src/WAV.h" />
		<Unit filename="../src/extends.h" />
		<Unit filename="../src/main.c">
			<Option compilerVar="CC" />
		</Unit>
		<Unit filename="../src/stream.c">
			<Option compilerVar="CC" />
		</Unit>
		<Unit filename="../src/stream.h" />
		<Extensions>
			<code_completion />
			<envvars />
			<debugger />
			<lib_finder disable_auto="1" />
		</Extensions>
	</Project>
</CodeBlocks_project_file>
